
Microsoft Visual Studio Solution File, Format Version 12.00
# Visual Studio Version 17
VisualStudioVersion = 17.10.35013.160
MinimumVisualStudioVersion = 10.0.40219.1
Project("{2150E333-8FDC-42A3-9474-1A3956D46DE8}") = "Services", "Services", "{3ACE17DB-AF5F-4D1B-B939-17BF2CA575D2}"
EndProject
Project("{2150E333-8FDC-42A3-9474-1A3956D46DE8}") = "Booking", "Booking", "{1365BBD9-F4C8-4E54-B754-70C81C670C5D}"
EndProject
Project("{9A19103F-16F7-4668-BE54-9A1E7A4F7556}") = "Reservation.Booking", "Services\Booking\Reservation.Booking\Reservation.Booking.csproj", "{D5CA0B58-D805-4A99-B680-F42813432578}"
EndProject
Project("{2150E333-8FDC-42A3-9474-1A3956D46DE8}") = "Review", "Review", "{A5416719-A704-4039-A90D-39CA6E348D43}"
EndProject
Project("{FAE04EC0-301F-11D3-BF4B-00C04F79EFBC}") = "Reservation.Review", "Services\Review\Reservation.Review\Reservation.Review.csproj", "{D201A81F-1218-4E4E-AE1B-1B97B73EF9B3}"
EndProject
Global
	GlobalSection(SolutionConfigurationPlatforms) = preSolution
		Debug|Any CPU = Debug|Any CPU
		Release|Any CPU = Release|Any CPU
	EndGlobalSection
	GlobalSection(ProjectConfigurationPlatforms) = postSolution
		{D5CA0B58-D805-4A99-B680-F42813432578}.Debug|Any CPU.ActiveCfg = Debug|Any CPU
		{D5CA0B58-D805-4A99-B680-F42813432578}.Debug|Any CPU.Build.0 = Debug|Any CPU
		{D5CA0B58-D805-4A99-B680-F42813432578}.Release|Any CPU.ActiveCfg = Release|Any CPU
		{D5CA0B58-D805-4A99-B680-F42813432578}.Release|Any CPU.Build.0 = Release|Any CPU
		{D201A81F-1218-4E4E-AE1B-1B97B73EF9B3}.Debug|Any CPU.ActiveCfg = Debug|Any CPU
		{D201A81F-1218-4E4E-AE1B-1B97B73EF9B3}.Debug|Any CPU.Build.0 = Debug|Any CPU
		{D201A81F-1218-4E4E-AE1B-1B97B73EF9B3}.Release|Any CPU.ActiveCfg = Release|Any CPU
		{D201A81F-1218-4E4E-AE1B-1B97B73EF9B3}.Release|Any CPU.Build.0 = Release|Any CPU
	EndGlobalSection
	GlobalSection(SolutionProperties) = preSolution
		HideSolutionNode = FALSE
	EndGlobalSection
	GlobalSection(NestedProjects) = preSolution
		{1365BBD9-F4C8-4E54-B754-70C81C670C5D} = {3ACE17DB-AF5F-4D1B-B939-17BF2CA575D2}
		{D5CA0B58-D805-4A99-B680-F42813432578} = {1365BBD9-F4C8-4E54-B754-70C81C670C5D}
		{A5416719-A704-4039-A90D-39CA6E348D43} = {3ACE17DB-AF5F-4D1B-B939-17BF2CA575D2}
		{D201A81F-1218-4E4E-AE1B-1B97B73EF9B3} = {A5416719-A704-4039-A90D-39CA6E348D43}
	EndGlobalSection
	GlobalSection(ExtensibilityGlobals) = postSolution
		SolutionGuid = {DB2D9CAD-5CCC-4003-BBAD-07C6084BCB23}
	EndGlobalSection
EndGlobal
